{
  "name": "brson.js",
  "version": "1.0.4",
  "lockfileVersion": 3,
  "requires": true,
  "packages": {
    "": {
      "name": "brson.js",
      "version": "1.0.4",
      "license": "ISC",
      "dependencies": {
        "bson-fork": "^6.1.1"
      },
      "devDependencies": {
        "@types/node": "^20.7.2",
        "typescript": "^5.2.2"
      }
    },
    "node_modules/@types/node": {
      "version": "20.7.2",
      "resolved": "https://registry.npmjs.org/@types/node/-/node-20.7.2.tgz",
      "integrity": "sha512-RcdC3hOBOauLP+r/kRt27NrByYtDjsXyAuSbR87O6xpsvi763WI+5fbSIvYJrXnt9w4RuxhV6eAXfIs7aaf/FQ==",
      "dev": true
    },
    "node_modules/bson-fork": {
      "version": "6.1.1",
      "resolved": "https://registry.npmjs.org/bson-fork/-/bson-fork-6.1.1.tgz",
      "integrity": "sha512-hA/0GpjvXVS+nN+oeddFxbSJ/1wa6qbRQiJUtSRLkdLfXwwZVHeqFHc2iaB9u7EJ6G1Fz24ip/eJ4unm3LmpmQ==",
      "license": "Apache-2.0",
      "engines": {
        "node": ">=16.20.1"
      }
    },
    "node_modules/typescript": {
      "version": "5.2.2",
      "resolved": "https://registry.npmjs.org/typescript/-/typescript-5.2.2.tgz",
      "integrity": "sha512-mI4WrpHsbCIcwT9cF4FZvr80QUeKvsUsUvKDoR+X/7XHQH98xYD8YHZg7ANtz2GtZt/CBq2QJ0thkGJMHfqc1w==",
      "dev": true,
      "bin": {
        "tsc": "bin/tsc",
        "tsserver": "bin/tsserver"
      },
      "engines": {
        "node": ">=14.17"
      }
    }
  }
}
